
Microsoft Visual Studio Solution File, Format Version 12.00
# Visual Studio 15
VisualStudioVersion = 15.0.28010.2019
MinimumVisualStudioVersion = 10.0.40219.1
Project("{FAE04EC0-301F-11D3-BF4B-00C04F79EFBC}") = "F2018Pranks", "F2018Pranks\F2018Pranks.csproj", "{F6721DA7-16BA-4AA4-AC67-28EA1898D63F}"
EndProject
Project("{FAE04EC0-301F-11D3-BF4B-00C04F79EFBC}") = "F2018Pranks.Tests", "F2018Pranks.Tests\F2018Pranks.Tests.csproj", "{5B59F5B8-D764-40F1-A2CD-9D0E1FC931E7}"
EndProject
Global
	GlobalSection(SolutionConfigurationPlatforms) = preSolution
		Debug|Any CPU = Debug|Any CPU
		Release|Any CPU = Release|Any CPU
	EndGlobalSection
	GlobalSection(ProjectConfigurationPlatforms) = postSolution
		{F6721DA7-16BA-4AA4-AC67-28EA1898D63F}.Debug|Any CPU.ActiveCfg = Debug|Any CPU
		{F6721DA7-16BA-4AA4-AC67-28EA1898D63F}.Debug|Any CPU.Build.0 = Debug|Any CPU
		{F6721DA7-16BA-4AA4-AC67-28EA1898D63F}.Release|Any CPU.ActiveCfg = Release|Any CPU
		{F6721DA7-16BA-4AA4-AC67-28EA1898D63F}.Release|Any CPU.Build.0 = Release|Any CPU
		{5B59F5B8-D764-40F1-A2CD-9D0E1FC931E7}.Debug|Any CPU.ActiveCfg = Debug|Any CPU
		{5B59F5B8-D764-40F1-A2CD-9D0E1FC931E7}.Debug|Any CPU.Build.0 = Debug|Any CPU
		{5B59F5B8-D764-40F1-A2CD-9D0E1FC931E7}.Release|Any CPU.ActiveCfg = Release|Any CPU
		{5B59F5B8-D764-40F1-A2CD-9D0E1FC931E7}.Release|Any CPU.Build.0 = Release|Any CPU
	EndGlobalSection
	GlobalSection(SolutionProperties) = preSolution
		HideSolutionNode = FALSE
	EndGlobalSection
	GlobalSection(ExtensibilityGlobals) = postSolution
		SolutionGuid = {C0BAE14F-7FCB-49FC-9338-3F748065CAFA}
	EndGlobalSection
EndGlobal
